
Microsoft Visual Studio Solution File, Format Version 12.00
# Visual Studio Version 17
VisualStudioVersion = 17.0.31903.59
MinimumVisualStudioVersion = 10.0.40219.1
Project("{FAE04EC0-301F-11D3-BF4B-00C04F79EFBC}") = "api", "api\api.csproj", "{67596AD4-E9AE-48A8-AE8F-C5737DB78D1C}"
EndProject
Project("{FAE04EC0-301F-11D3-BF4B-00C04F79EFBC}") = "api.tests", "api.tests\api.tests.csproj", "{93BB7C40-F576-4B42-BD47-7CB2C5C6AF9C}"
EndProject
Global
	GlobalSection(SolutionConfigurationPlatforms) = preSolution
		Debug|Any CPU = Debug|Any CPU
		Release|Any CPU = Release|Any CPU
	EndGlobalSection
	GlobalSection(SolutionProperties) = preSolution
		HideSolutionNode = FALSE
	EndGlobalSection
	GlobalSection(ProjectConfigurationPlatforms) = postSolution
		{67596AD4-E9AE-48A8-AE8F-C5737DB78D1C}.Debug|Any CPU.ActiveCfg = Debug|Any CPU
		{67596AD4-E9AE-48A8-AE8F-C5737DB78D1C}.Debug|Any CPU.Build.0 = Debug|Any CPU
		{67596AD4-E9AE-48A8-AE8F-C5737DB78D1C}.Release|Any CPU.ActiveCfg = Release|Any CPU
		{67596AD4-E9AE-48A8-AE8F-C5737DB78D1C}.Release|Any CPU.Build.0 = Release|Any CPU
		{93BB7C40-F576-4B42-BD47-7CB2C5C6AF9C}.Debug|Any CPU.ActiveCfg = Debug|Any CPU
		{93BB7C40-F576-4B42-BD47-7CB2C5C6AF9C}.Debug|Any CPU.Build.0 = Debug|Any CPU
		{93BB7C40-F576-4B42-BD47-7CB2C5C6AF9C}.Release|Any CPU.ActiveCfg = Release|Any CPU
		{93BB7C40-F576-4B42-BD47-7CB2C5C6AF9C}.Release|Any CPU.Build.0 = Release|Any CPU
	EndGlobalSection
EndGlobal
